
Microsoft Visual Studio Solution File, Format Version 12.00
# Visual Studio Version 17
VisualStudioVersion = 17.0.31903.59
MinimumVisualStudioVersion = 10.0.40219.1
Project("{2150E333-8FDC-42A3-9474-1A3956D46DE8}") = "SarasBlogg", "SarasBlogg", "{DA02CCC4-A056-8E68-C116-5A1D0948F8E5}"
	ProjectSection(SolutionItems) = preProject
		SarasBlogg\.env = SarasBlogg\.env
		SarasBlogg\.env.example = SarasBlogg\.env.example
	EndProjectSection
EndProject
Project("{FAE04EC0-301F-11D3-BF4B-00C04F79EFBC}") = "SarasBlogg", "SarasBlogg\SarasBlogg\SarasBlogg.csproj", "{649A4DB1-4645-4E35-A019-F57CA1AB564E}"
EndProject
Project("{2150E333-8FDC-42A3-9474-1A3956D46DE8}") = "SarasBloggAPI", "SarasBloggAPI", "{AF40AE28-D35A-CC6C-B843-440339DC26C3}"
	ProjectSection(SolutionItems) = preProject
		SarasBloggAPI\.env = SarasBloggAPI\.env
		SarasBloggAPI\.env.example = SarasBloggAPI\.env.example
	EndProjectSection
EndProject
Project("{FAE04EC0-301F-11D3-BF4B-00C04F79EFBC}") = "SarasBloggAPI", "SarasBloggAPI\SarasBloggAPI\SarasBloggAPI.csproj", "{71426FE4-BA0A-40B9-9AAE-E402FC303842}"
EndProject
Global
	GlobalSection(SolutionConfigurationPlatforms) = preSolution
		Debug|Any CPU = Debug|Any CPU
		Debug|x64 = Debug|x64
		Debug|x86 = Debug|x86
		Release|Any CPU = Release|Any CPU
		Release|x64 = Release|x64
		Release|x86 = Release|x86
	EndGlobalSection
	GlobalSection(ProjectConfigurationPlatforms) = postSolution
		{649A4DB1-4645-4E35-A019-F57CA1AB564E}.Debug|Any CPU.ActiveCfg = Debug|Any CPU
		{649A4DB1-4645-4E35-A019-F57CA1AB564E}.Debug|Any CPU.Build.0 = Debug|Any CPU
		{649A4DB1-4645-4E35-A019-F57CA1AB564E}.Debug|x64.ActiveCfg = Debug|Any CPU
		{649A4DB1-4645-4E35-A019-F57CA1AB564E}.Debug|x64.Build.0 = Debug|Any CPU
		{649A4DB1-4645-4E35-A019-F57CA1AB564E}.Debug|x86.ActiveCfg = Debug|Any CPU
		{649A4DB1-4645-4E35-A019-F57CA1AB564E}.Debug|x86.Build.0 = Debug|Any CPU
		{649A4DB1-4645-4E35-A019-F57CA1AB564E}.Release|Any CPU.ActiveCfg = Release|Any CPU
		{649A4DB1-4645-4E35-A019-F57CA1AB564E}.Release|Any CPU.Build.0 = Release|Any CPU
		{649A4DB1-4645-4E35-A019-F57CA1AB564E}.Release|x64.ActiveCfg = Release|Any CPU
		{649A4DB1-4645-4E35-A019-F57CA1AB564E}.Release|x64.Build.0 = Release|Any CPU
		{649A4DB1-4645-4E35-A019-F57CA1AB564E}.Release|x86.ActiveCfg = Release|Any CPU
		{649A4DB1-4645-4E35-A019-F57CA1AB564E}.Release|x86.Build.0 = Release|Any CPU
		{71426FE4-BA0A-40B9-9AAE-E402FC303842}.Debug|Any CPU.ActiveCfg = Debug|Any CPU
		{71426FE4-BA0A-40B9-9AAE-E402FC303842}.Debug|Any CPU.Build.0 = Debug|Any CPU
		{71426FE4-BA0A-40B9-9AAE-E402FC303842}.Debug|x64.ActiveCfg = Debug|Any CPU
		{71426FE4-BA0A-40B9-9AAE-E402FC303842}.Debug|x64.Build.0 = Debug|Any CPU
		{71426FE4-BA0A-40B9-9AAE-E402FC303842}.Debug|x86.ActiveCfg = Debug|Any CPU
		{71426FE4-BA0A-40B9-9AAE-E402FC303842}.Debug|x86.Build.0 = Debug|Any CPU
		{71426FE4-BA0A-40B9-9AAE-E402FC303842}.Release|Any CPU.ActiveCfg = Release|Any CPU
		{71426FE4-BA0A-40B9-9AAE-E402FC303842}.Release|Any CPU.Build.0 = Release|Any CPU
		{71426FE4-BA0A-40B9-9AAE-E402FC303842}.Release|x64.ActiveCfg = Release|Any CPU
		{71426FE4-BA0A-40B9-9AAE-E402FC303842}.Release|x64.Build.0 = Release|Any CPU
		{71426FE4-BA0A-40B9-9AAE-E402FC303842}.Release|x86.ActiveCfg = Release|Any CPU
		{71426FE4-BA0A-40B9-9AAE-E402FC303842}.Release|x86.Build.0 = Release|Any CPU
	EndGlobalSection
	GlobalSection(SolutionProperties) = preSolution
		HideSolutionNode = FALSE
	EndGlobalSection
	GlobalSection(NestedProjects) = preSolution
		{649A4DB1-4645-4E35-A019-F57CA1AB564E} = {DA02CCC4-A056-8E68-C116-5A1D0948F8E5}
		{71426FE4-BA0A-40B9-9AAE-E402FC303842} = {AF40AE28-D35A-CC6C-B843-440339DC26C3}
	EndGlobalSection
EndGlobal
